
Microsoft Visual Studio Solution File, Format Version 12.00
# Visual Studio 15
VisualStudioVersion = 15.0.28307.329
MinimumVisualStudioVersion = 10.0.40219.1
Project("{FAE04EC0-301F-11D3-BF4B-00C04F79EFBC}") = "My2K48_InitVersion", "My2K48\My2K48_InitVersion.csproj", "{6659B5CC-A35B-4CF6-B6CF-B6C0134FF024}"
EndProject
Global
	GlobalSection(SolutionConfigurationPlatforms) = preSolution
		Debug|Any CPU = Debug|Any CPU
		Release|Any CPU = Release|Any CPU
	EndGlobalSection
	GlobalSection(ProjectConfigurationPlatforms) = postSolution
		{6659B5CC-A35B-4CF6-B6CF-B6C0134FF024}.Debug|Any CPU.ActiveCfg = Debug|Any CPU
		{6659B5CC-A35B-4CF6-B6CF-B6C0134FF024}.Debug|Any CPU.Build.0 = Debug|Any CPU
		{6659B5CC-A35B-4CF6-B6CF-B6C0134FF024}.Release|Any CPU.ActiveCfg = Release|Any CPU
		{6659B5CC-A35B-4CF6-B6CF-B6C0134FF024}.Release|Any CPU.Build.0 = Release|Any CPU
	EndGlobalSection
	GlobalSection(SolutionProperties) = preSolution
		HideSolutionNode = FALSE
	EndGlobalSection
	GlobalSection(ExtensibilityGlobals) = postSolution
		SolutionGuid = {96EA740E-6F09-4C51-AE42-A4AF51BF6F60}
	EndGlobalSection
EndGlobal
